// !$*UTF8*$!
{
	archiveVersion = 1;
	classes = {
	};
	objectVersion = 50;
	objects = {

/* Begin PBXBuildFile section */
		A478546C223D7B2D00F4B411 /* LoginViewController.swift in Sources */ = {isa = PBXBuildFile; fileRef = A478546B223D7B2D00F4B411 /* LoginViewController.swift */; };
		A478546E223D7B3800F4B411 /* SignUpViewController.swift in Sources */ = {isa = PBXBuildFile; fileRef = A478546D223D7B3800F4B411 /* SignUpViewController.swift */; };
		A4785471223DD88700F4B411 /* User.swift in Sources */ = {isa = PBXBuildFile; fileRef = A4785470223DD88700F4B411 /* User.swift */; };
		A4785474223DF2AE00F4B411 /* MyError.swift in Sources */ = {isa = PBXBuildFile; fileRef = A4785473223DF2AE00F4B411 /* MyError.swift */; };
		A478547A223E166900F4B411 /* HomeViewController.swift in Sources */ = {isa = PBXBuildFile; fileRef = A4785479223E166900F4B411 /* HomeViewController.swift */; };
		A478547C223E187D00F4B411 /* PhotoCollectionViewCell.swift in Sources */ = {isa = PBXBuildFile; fileRef = A478547B223E187D00F4B411 /* PhotoCollectionViewCell.swift */; };
		A478547E223EC27E00F4B411 /* GeneralResponse.swift in Sources */ = {isa = PBXBuildFile; fileRef = A478547D223EC27E00F4B411 /* GeneralResponse.swift */; };
		A4785480223EC4D400F4B411 /* Albums.swift in Sources */ = {isa = PBXBuildFile; fileRef = A478547F223EC4D400F4B411 /* Albums.swift */; };
		A4ABC3D6223CA2BB004F5906 /* AppDelegate.swift in Sources */ = {isa = PBXBuildFile; fileRef = A4ABC3D5223CA2BB004F5906 /* AppDelegate.swift */; };
		A4ABC3D8223CA2BB004F5906 /* StartViewController.swift in Sources */ = {isa = PBXBuildFile; fileRef = A4ABC3D7223CA2BB004F5906 /* StartViewController.swift */; };
		A4ABC3DB223CA2BC004F5906 /* Main.storyboard in Resources */ = {isa = PBXBuildFile; fileRef = A4ABC3D9223CA2BC004F5906 /* Main.storyboard */; };
		A4ABC3DD223CA2BD004F5906 /* Assets.xcassets in Resources */ = {isa = PBXBuildFile; fileRef = A4ABC3DC223CA2BD004F5906 /* Assets.xcassets */; };
		A4ABC3E0223CA2BD004F5906 /* LaunchScreen.storyboard in Resources */ = {isa = PBXBuildFile; fileRef = A4ABC3DE223CA2BD004F5906 /* LaunchScreen.storyboard */; };
		A4ABC3E8223CA4F9004F5906 /* GoogleService-Info.plist in Resources */ = {isa = PBXBuildFile; fileRef = A4ABC3E7223CA4F9004F5906 /* GoogleService-Info.plist */; };
		EAD7D4671F308F08D4C8EF5C /* Pods_BoseAlbum.framework in Frameworks */ = {isa = PBXBuildFile; fileRef = 5A61F7B5FD9A4AD16F53E0D6 /* Pods_BoseAlbum.framework */; };
/* End PBXBuildFile section */

/* Begin PBXFileReference section */
		5A61F7B5FD9A4AD16F53E0D6 /* Pods_BoseAlbum.framework */ = {isa = PBXFileReference; explicitFileType = wrapper.framework; includeInIndex = 0; path = Pods_BoseAlbum.framework; sourceTree = BUILT_PRODUCTS_DIR; };
		96FFDB6539920BB047DC99CD /* Pods-BoseAlbum.debug.xcconfig */ = {isa = PBXFileReference; includeInIndex = 1; lastKnownFileType = text.xcconfig; name = "Pods-BoseAlbum.debug.xcconfig"; path = "Pods/Target Support Files/Pods-BoseAlbum/Pods-BoseAlbum.debug.xcconfig"; sourceTree = "<group>"; };
		A478546B223D7B2D00F4B411 /* LoginViewController.swift */ = {isa = PBXFileReference; lastKnownFileType = sourcecode.swift; path = LoginViewController.swift; sourceTree = "<group>"; };
		A478546D223D7B3800F4B411 /* SignUpViewController.swift */ = {isa = PBXFileReference; lastKnownFileType = sourcecode.swift; path = SignUpViewController.swift; sourceTree = "<group>"; };
		A4785470223DD88700F4B411 /* User.swift */ = {isa = PBXFileReference; lastKnownFileType = sourcecode.swift; path = User.swift; sourceTree = "<group>"; };
		A4785473223DF2AE00F4B411 /* MyError.swift */ = {isa = PBXFileReference; lastKnownFileType = sourcecode.swift; path = MyError.swift; sourceTree = "<group>"; };
		A4785479223E166900F4B411 /* HomeViewController.swift */ = {isa = PBXFileReference; lastKnownFileType = sourcecode.swift; path = HomeViewController.swift; sourceTree = "<group>"; };
		A478547B223E187D00F4B411 /* PhotoCollectionViewCell.swift */ = {isa = PBXFileReference; lastKnownFileType = sourcecode.swift; path = PhotoCollectionViewCell.swift; sourceTree = "<group>"; };
		A478547D223EC27E00F4B411 /* GeneralResponse.swift */ = {isa = PBXFileReference; lastKnownFileType = sourcecode.swift; path = GeneralResponse.swift; sourceTree = "<group>"; };
		A478547F223EC4D400F4B411 /* Albums.swift */ = {isa = PBXFileReference; lastKnownFileType = sourcecode.swift; path = Albums.swift; sourceTree = "<group>"; };
		A4ABC3D2223CA2BB004F5906 /* BoseAlbum.app */ = {isa = PBXFileReference; explicitFileType = wrapper.application; includeInIndex = 0; path = BoseAlbum.app; sourceTree = BUILT_PRODUCTS_DIR; };
		A4ABC3D5223CA2BB004F5906 /* AppDelegate.swift */ = {isa = PBXFileReference; lastKnownFileType = sourcecode.swift; path = AppDelegate.swift; sourceTree = "<group>"; };
		A4ABC3D7223CA2BB004F5906 /* StartViewController.swift */ = {isa = PBXFileReference; lastKnownFileType = sourcecode.swift; path = StartViewController.swift; sourceTree = "<group>"; };
		A4ABC3DA223CA2BC004F5906 /* Base */ = {isa = PBXFileReference; lastKnownFileType = file.storyboard; name = Base; path = Base.lproj/Main.storyboard; sourceTree = "<group>"; };
		A4ABC3DC223CA2BD004F5906 /* Assets.xcassets */ = {isa = PBXFileReference; lastKnownFileType = folder.assetcatalog; path = Assets.xcassets; sourceTree = "<group>"; };
		A4ABC3DF223CA2BD004F5906 /* Base */ = {isa = PBXFileReference; lastKnownFileType = file.storyboard; name = Base; path = Base.lproj/LaunchScreen.storyboard; sourceTree = "<group>"; };
		A4ABC3E1223CA2BD004F5906 /* Info.plist */ = {isa = PBXFileReference; lastKnownFileType = text.plist.xml; path = Info.plist; sourceTree = "<group>"; };
		A4ABC3E7223CA4F9004F5906 /* GoogleService-Info.plist */ = {isa = PBXFileReference; fileEncoding = 4; lastKnownFileType = text.plist.xml; path = "GoogleService-Info.plist"; sourceTree = "<group>"; };
		E209A9DCDB402E94951B61B0 /* Pods-BoseAlbum.release.xcconfig */ = {isa = PBXFileReference; includeInIndex = 1; lastKnownFileType = text.xcconfig; name = "Pods-BoseAlbum.release.xcconfig"; path = "Pods/Target Support Files/Pods-BoseAlbum/Pods-BoseAlbum.release.xcconfig"; sourceTree = "<group>"; };
/* End PBXFileReference section */

/* Begin PBXFrameworksBuildPhase section */
		A4ABC3CF223CA2BB004F5906 /* Frameworks */ = {
			isa = PBXFrameworksBuildPhase;
			buildActionMask = 2147483647;
			files = (
				EAD7D4671F308F08D4C8EF5C /* Pods_BoseAlbum.framework in Frameworks */,
			);
			runOnlyForDeploymentPostprocessing = 0;
		};
/* End PBXFrameworksBuildPhase section */

/* Begin PBXGroup section */
		69C7CB412597FFFB09D69BE3 /* Pods */ = {
			isa = PBXGroup;
			children = (
				96FFDB6539920BB047DC99CD /* Pods-BoseAlbum.debug.xcconfig */,
				E209A9DCDB402E94951B61B0 /* Pods-BoseAlbum.release.xcconfig */,
			);
			name = Pods;
			sourceTree = "<group>";
		};
		6B990E3247B6C228390C6E22 /* Frameworks */ = {
			isa = PBXGroup;
			children = (
				5A61F7B5FD9A4AD16F53E0D6 /* Pods_BoseAlbum.framework */,
			);
			name = Frameworks;
			sourceTree = "<group>";
		};
		A478546F223D7B5600F4B411 /* VC */ = {
			isa = PBXGroup;
			children = (
				A4ABC3D7223CA2BB004F5906 /* StartViewController.swift */,
				A478546B223D7B2D00F4B411 /* LoginViewController.swift */,
				A478546D223D7B3800F4B411 /* SignUpViewController.swift */,
				A4785479223E166900F4B411 /* HomeViewController.swift */,
			);
			path = VC;
			sourceTree = "<group>";
		};
		A4785472223DD89900F4B411 /* Model */ = {
			isa = PBXGroup;
			children = (
				A4785470223DD88700F4B411 /* User.swift */,
				A4785473223DF2AE00F4B411 /* MyError.swift */,
				A478547B223E187D00F4B411 /* PhotoCollectionViewCell.swift */,
				A478547D223EC27E00F4B411 /* GeneralResponse.swift */,
				A478547F223EC4D400F4B411 /* Albums.swift */,
			);
			path = Model;
			sourceTree = "<group>";
		};
		A4ABC3C9223CA2BB004F5906 = {
			isa = PBXGroup;
			children = (
				A4ABC3D4223CA2BB004F5906 /* BoseAlbum */,
				A4ABC3D3223CA2BB004F5906 /* Products */,
				69C7CB412597FFFB09D69BE3 /* Pods */,
				6B990E3247B6C228390C6E22 /* Frameworks */,
			);
			sourceTree = "<group>";
		};
		A4ABC3D3223CA2BB004F5906 /* Products */ = {
			isa = PBXGroup;
			children = (
				A4ABC3D2223CA2BB004F5906 /* BoseAlbum.app */,
			);
			name = Products;
			sourceTree = "<group>";
		};
		A4ABC3D4223CA2BB004F5906 /* BoseAlbum */ = {
			isa = PBXGroup;
			children = (
				A4ABC3D5223CA2BB004F5906 /* AppDelegate.swift */,
				A478546F223D7B5600F4B411 /* VC */,
				A4785472223DD89900F4B411 /* Model */,
				A4ABC3D9223CA2BC004F5906 /* Main.storyboard */,
				A4ABC3DC223CA2BD004F5906 /* Assets.xcassets */,
				A4ABC3DE223CA2BD004F5906 /* LaunchScreen.storyboard */,
				A4ABC3E1223CA2BD004F5906 /* Info.plist */,
				A4ABC3E7223CA4F9004F5906 /* GoogleService-Info.plist */,
			);
			path = BoseAlbum;
			sourceTree = "<group>";
		};
/* End PBXGroup section */

/* Begin PBXNativeTarget section */
		A4ABC3D1223CA2BB004F5906 /* BoseAlbum */ = {
			isa = PBXNativeTarget;
			buildConfigurationList = A4ABC3E4223CA2BD004F5906 /* Build configuration list for PBXNativeTarget "BoseAlbum" */;
			buildPhases = (
				9703E6F81F09772A1459C13E /* [CP] Check Pods Manifest.lock */,
				A4ABC3CE223CA2BB004F5906 /* Sources */,
				A4ABC3CF223CA2BB004F5906 /* Frameworks */,
				A4ABC3D0223CA2BB004F5906 /* Resources */,
				25D66127E537DDAF360194E9 /* [CP] Embed Pods Frameworks */,
			);
			buildRules = (
			);
			dependencies = (
			);
			name = BoseAlbum;
			productName = BoseAlbum;
			productReference = A4ABC3D2223CA2BB004F5906 /* BoseAlbum.app */;
			productType = "com.apple.product-type.application";
		};
/* End PBXNativeTarget section */

/* Begin PBXProject section */
		A4ABC3CA223CA2BB004F5906 /* Project object */ = {
			isa = PBXProject;
			attributes = {
				LastSwiftUpdateCheck = 1010;
				LastUpgradeCheck = 1010;
				ORGANIZATIONNAME = UCDavis;
				TargetAttributes = {
					A4ABC3D1223CA2BB004F5906 = {
						CreatedOnToolsVersion = 10.1;
					};
				};
			};
			buildConfigurationList = A4ABC3CD223CA2BB004F5906 /* Build configuration list for PBXProject "BoseAlbum" */;
			compatibilityVersion = "Xcode 9.3";
			developmentRegion = en;
			hasScannedForEncodings = 0;
			knownRegions = (
				en,
				Base,
			);
			mainGroup = A4ABC3C9223CA2BB004F5906;
			productRefGroup = A4ABC3D3223CA2BB004F5906 /* Products */;
			projectDirPath = "";
			projectRoot = "";
			targets = (
				A4ABC3D1223CA2BB004F5906 /* BoseAlbum */,
			);
		};
/* End PBXProject section */

/* Begin PBXResourcesBuildPhase section */
		A4ABC3D0223CA2BB004F5906 /* Resources */ = {
			isa = PBXResourcesBuildPhase;
			buildActionMask = 2147483647;
			files = (
				A4ABC3E0223CA2BD004F5906 /* LaunchScreen.storyboard in Resources */,
				A4ABC3E8223CA4F9004F5906 /* GoogleService-Info.plist in Resources */,
				A4ABC3DD223CA2BD004F5906 /* Assets.xcassets in Resources */,
				A4ABC3DB223CA2BC004F5906 /* Main.storyboard in Resources */,
			);
			runOnlyForDeploymentPostprocessing = 0;
		};
/* End PBXResourcesBuildPhase section */

/* Begin PBXShellScriptBuildPhase section */
		25D66127E537DDAF360194E9 /* [CP] Embed Pods Frameworks */ = {
			isa = PBXShellScriptBuildPhase;
			buildActionMask = 2147483647;
			files = (
			);
			inputFileListPaths = (
			);
			inputPaths = (
				"${SRCROOT}/Pods/Target Support Files/Pods-BoseAlbum/Pods-BoseAlbum-frameworks.sh",
				"${BUILT_PRODUCTS_DIR}/GoogleUtilities/GoogleUtilities.framework",
				"${BUILT_PRODUCTS_DIR}/nanopb/nanopb.framework",
			);
			name = "[CP] Embed Pods Frameworks";
			outputFileListPaths = (
			);
			outputPaths = (
				"${TARGET_BUILD_DIR}/${FRAMEWORKS_FOLDER_PATH}/GoogleUtilities.framework",
				"${TARGET_BUILD_DIR}/${FRAMEWORKS_FOLDER_PATH}/nanopb.framework",
			);
			runOnlyForDeploymentPostprocessing = 0;
			shellPath = /bin/sh;
			shellScript = "\"${SRCROOT}/Pods/Target Support Files/Pods-BoseAlbum/Pods-BoseAlbum-frameworks.sh\"\n";
			showEnvVarsInLog = 0;
		};
		9703E6F81F09772A1459C13E /* [CP] Check Pods Manifest.lock */ = {
			isa = PBXShellScriptBuildPhase;
			buildActionMask = 2147483647;
			files = (
			);
			inputFileListPaths = (
			);
			inputPaths = (
				"${PODS_PODFILE_DIR_PATH}/Podfile.lock",
				"${PODS_ROOT}/Manifest.lock",
			);
			name = "[CP] Check Pods Manifest.lock";
			outputFileListPaths = (
			);
			outputPaths = (
				"$(DERIVED_FILE_DIR)/Pods-BoseAlbum-checkManifestLockResult.txt",
			);
			runOnlyForDeploymentPostprocessing = 0;
			shellPath = /bin/sh;
			shellScript = "diff \"${PODS_PODFILE_DIR_PATH}/Podfile.lock\" \"${PODS_ROOT}/Manifest.lock\" > /dev/null\nif [ $? != 0 ] ; then\n    # print error to STDERR\n    echo \"error: The sandbox is not in sync with the Podfile.lock. Run 'pod install' or update your CocoaPods installation.\" >&2\n    exit 1\nfi\n# This output is used by Xcode 'outputs' to avoid re-running this script phase.\necho \"SUCCESS\" > \"${SCRIPT_OUTPUT_FILE_0}\"\n";
			showEnvVarsInLog = 0;
		};
/* End PBXShellScriptBuildPhase section */

/* Begin PBXSourcesBuildPhase section */
		A4ABC3CE223CA2BB004F5906 /* Sources */ = {
			isa = PBXSourcesBuildPhase;
			buildActionMask = 2147483647;
			files = (
				A478546C223D7B2D00F4B411 /* LoginViewController.swift in Sources */,
				A478547E223EC27E00F4B411 /* GeneralResponse.swift in Sources */,
				A478547C223E187D00F4B411 /* PhotoCollectionViewCell.swift in Sources */,
				A4ABC3D8223CA2BB004F5906 /* StartViewController.swift in Sources */,
				A478546E223D7B3800F4B411 /* SignUpViewController.swift in Sources */,
				A4785480223EC4D400F4B411 /* Albums.swift in Sources */,
				A4785471223DD88700F4B411 /* User.swift in Sources */,
				A4785474223DF2AE00F4B411 /* MyError.swift in Sources */,
				A478547A223E166900F4B411 /* HomeViewController.swift in Sources */,
				A4ABC3D6223CA2BB004F5906 /* AppDelegate.swift in Sources */,
			);
			runOnlyForDeploymentPostprocessing = 0;
		};
/* End PBXSourcesBuildPhase section */

/* Begin PBXVariantGroup section */
		A4ABC3D9223CA2BC004F5906 /* Main.storyboard */ = {
			isa = PBXVariantGroup;
			children = (
				A4ABC3DA223CA2BC004F5906 /* Base */,
			);
			name = Main.storyboard;
			sourceTree = "<group>";
		};
		A4ABC3DE223CA2BD004F5906 /* LaunchScreen.storyboard */ = {
			isa = PBXVariantGroup;
			children = (
				A4ABC3DF223CA2BD004F5906 /* Base */,
			);
			name = LaunchScreen.storyboard;
			sourceTree = "<group>";
		};
/* End PBXVariantGroup section */

/* Begin XCBuildConfiguration section */
		A4ABC3E2223CA2BD004F5906 /* Debug */ = {
			isa = XCBuildConfiguration;
			buildSettings = {
				ALWAYS_SEARCH_USER_PATHS = NO;
				CLANG_ANALYZER_NONNULL = YES;
				CLANG_ANALYZER_NUMBER_OBJECT_CONVERSION = YES_AGGRESSIVE;
				CLANG_CXX_LANGUAGE_STANDARD = "gnu++14";
				CLANG_CXX_LIBRARY = "libc++";
				CLANG_ENABLE_MODULES = YES;
				CLANG_ENABLE_OBJC_ARC = YES;
				CLANG_ENABLE_OBJC_WEAK = YES;
				CLANG_WARN_BLOCK_CAPTURE_AUTORELEASING = YES;
				CLANG_WARN_BOOL_CONVERSION = YES;
				CLANG_WARN_COMMA = YES;
				CLANG_WARN_CONSTANT_CONVERSION = YES;
				CLANG_WARN_DEPRECATED_OBJC_IMPLEMENTATIONS = YES;
				CLANG_WARN_DIRECT_OBJC_ISA_USAGE = YES_ERROR;
				CLANG_WARN_DOCUMENTATION_COMMENTS = YES;
				CLANG_WARN_EMPTY_BODY = YES;
				CLANG_WARN_ENUM_CONVERSION = YES;
				CLANG_WARN_INFINITE_RECURSION = YES;
				CLANG_WARN_INT_CONVERSION = YES;
				CLANG_WARN_NON_LITERAL_NULL_CONVERSION = YES;
				CLANG_WARN_OBJC_IMPLICIT_RETAIN_SELF = YES;
				CLANG_WARN_OBJC_LITERAL_CONVERSION = YES;
				CLANG_WARN_OBJC_ROOT_CLASS = YES_ERROR;
				CLANG_WARN_RANGE_LOOP_ANALYSIS = YES;
				CLANG_WARN_STRICT_PROTOTYPES = YES;
				CLANG_WARN_SUSPICIOUS_MOVE = YES;
				CLANG_WARN_UNGUARDED_AVAILABILITY = YES_AGGRESSIVE;
				CLANG_WARN_UNREACHABLE_CODE = YES;
				CLANG_WARN__DUPLICATE_METHOD_MATCH = YES;
				CODE_SIGN_IDENTITY = "iPhone Developer";
				COPY_PHASE_STRIP = NO;
				DEBUG_INFORMATION_FORMAT = dwarf;
				ENABLE_STRICT_OBJC_MSGSEND = YES;
				ENABLE_TESTABILITY = YES;
				GCC_C_LANGUAGE_STANDARD = gnu11;
				GCC_DYNAMIC_NO_PIC = NO;
				GCC_NO_COMMON_BLOCKS = YES;
				GCC_OPTIMIZATION_LEVEL = 0;
				GCC_PREPROCESSOR_DEFINITIONS = (
					"DEBUG=1",
					"$(inherited)",
				);
				GCC_WARN_64_TO_32_BIT_CONVERSION = YES;
				GCC_WARN_ABOUT_RETURN_TYPE = YES_ERROR;
				GCC_WARN_UNDECLARED_SELECTOR = YES;
				GCC_WARN_UNINITIALIZED_AUTOS = YES_AGGRESSIVE;
				GCC_WARN_UNUSED_FUNCTION = YES;
				GCC_WARN_UNUSED_VARIABLE = YES;
				IPHONEOS_DEPLOYMENT_TARGET = 12.1;
				MTL_ENABLE_DEBUG_INFO = INCLUDE_SOURCE;
				MTL_FAST_MATH = YES;
				ONLY_ACTIVE_ARCH = YES;
				SDKROOT = iphoneos;
				SWIFT_ACTIVE_COMPILATION_CONDITIONS = DEBUG;
				SWIFT_OPTIMIZATION_LEVEL = "-Onone";
			};
			name = Debug;
		};
		A4ABC3E3223CA2BD004F5906 /* Release */ = {
			isa = XCBuildConfiguration;
			buildSettings = {
				ALWAYS_SEARCH_USER_PATHS = NO;
				CLANG_ANALYZER_NONNULL = YES;
				CLANG_ANALYZER_NUMBER_OBJECT_CONVERSION = YES_AGGRESSIVE;
				CLANG_CXX_LANGUAGE_STANDARD = "gnu++14";
				CLANG_CXX_LIBRARY = "libc++";
				CLANG_ENABLE_MODULES = YES;
				CLANG_ENABLE_OBJC_ARC = YES;
				CLANG_ENABLE_OBJC_WEAK = YES;
				CLANG_WARN_BLOCK_CAPTURE_AUTORELEASING = YES;
				CLANG_WARN_BOOL_CONVERSION = YES;
				CLANG_WARN_COMMA = YES;
				CLANG_WARN_CONSTANT_CONVERSION = YES;
				CLANG_WARN_DEPRECATED_OBJC_IMPLEMENTATIONS = YES;
				CLANG_WARN_DIRECT_OBJC_ISA_USAGE = YES_ERROR;
				CLANG_WARN_DOCUMENTATION_COMMENTS = YES;
				CLANG_WARN_EMPTY_BODY = YES;
				CLANG_WARN_ENUM_CONVERSION = YES;
				CLANG_WARN_INFINITE_RECURSION = YES;
				CLANG_WARN_INT_CONVERSION = YES;
				CLANG_WARN_NON_LITERAL_NULL_CONVERSION = YES;
				CLANG_WARN_OBJC_IMPLICIT_RETAIN_SELF = YES;
				CLANG_WARN_OBJC_LITERAL_CONVERSION = YES;
				CLANG_WARN_OBJC_ROOT_CLASS = YES_ERROR;
				CLANG_WARN_RANGE_LOOP_ANALYSIS = YES;
				CLANG_WARN_STRICT_PROTOTYPES = YES;
				CLANG_WARN_SUSPICIOUS_MOVE = YES;
				CLANG_WARN_UNGUARDED_AVAILABILITY = YES_AGGRESSIVE;
				CLANG_WARN_UNREACHABLE_CODE = YES;
				CLANG_WARN__DUPLICATE_METHOD_MATCH = YES;
				CODE_SIGN_IDENTITY = "iPhone Developer";
				COPY_PHASE_STRIP = NO;
				DEBUG_INFORMATION_FORMAT = "dwarf-with-dsym";
				ENABLE_NS_ASSERTIONS = NO;
				ENABLE_STRICT_OBJC_MSGSEND = YES;
				GCC_C_LANGUAGE_STANDARD = gnu11;
				GCC_NO_COMMON_BLOCKS = YES;
				GCC_WARN_64_TO_32_BIT_CONVERSION = YES;
				GCC_WARN_ABOUT_RETURN_TYPE = YES_ERROR;
				GCC_WARN_UNDECLARED_SELECTOR = YES;
				GCC_WARN_UNINITIALIZED_AUTOS = YES_AGGRESSIVE;
				GCC_WARN_UNUSED_FUNCTION = YES;
				GCC_WARN_UNUSED_VARIABLE = YES;
				IPHONEOS_DEPLOYMENT_TARGET = 12.1;
				MTL_ENABLE_DEBUG_INFO = NO;
				MTL_FAST_MATH = YES;
				SDKROOT = iphoneos;
				SWIFT_COMPILATION_MODE = wholemodule;
				SWIFT_OPTIMIZATION_LEVEL = "-O";
				VALIDATE_PRODUCT = YES;
			};
			name = Release;
		};
		A4ABC3E5223CA2BD004F5906 /* Debug */ = {
			isa = XCBuildConfiguration;
			baseConfigurationReference = 96FFDB6539920BB047DC99CD /* Pods-BoseAlbum.debug.xcconfig */;
			buildSettings = {
				ASSETCATALOG_COMPILER_APPICON_NAME = AppIcon;
				CODE_SIGN_STYLE = Automatic;
				DEVELOPMENT_TEAM = 7Y49297W64;
				INFOPLIST_FILE = BoseAlbum/Info.plist;
				LD_RUNPATH_SEARCH_PATHS = (
					"$(inherited)",
					"@executable_path/Frameworks",
				);
				PRODUCT_BUNDLE_IDENTIFIER = com.ucdavis.bosealbum;
				PRODUCT_NAME = "$(TARGET_NAME)";
				SWIFT_VERSION = 4.2;
				TARGETED_DEVICE_FAMILY = "1,2";
			};
			name = Debug;
		};
		A4ABC3E6223CA2BD004F5906 /* Release */ = {
			isa = XCBuildConfiguration;
			baseConfigurationReference = E209A9DCDB402E94951B61B0 /* Pods-BoseAlbum.release.xcconfig */;
			buildSettings = {
				ASSETCATALOG_COMPILER_APPICON_NAME = AppIcon;
				CODE_SIGN_STYLE = Automatic;
				DEVELOPMENT_TEAM = 7Y49297W64;
				INFOPLIST_FILE = BoseAlbum/Info.plist;
				LD_RUNPATH_SEARCH_PATHS = (
					"$(inherited)",
					"@executable_path/Frameworks",
				);
				PRODUCT_BUNDLE_IDENTIFIER = com.ucdavis.bosealbum;
				PRODUCT_NAME = "$(TARGET_NAME)";
				SWIFT_VERSION = 4.2;
				TARGETED_DEVICE_FAMILY = "1,2";
			};
			name = Release;
		};
/* End XCBuildConfiguration section */

/* Begin XCConfigurationList section */
		A4ABC3CD223CA2BB004F5906 /* Build configuration list for PBXProject "BoseAlbum" */ = {
			isa = XCConfigurationList;
			buildConfigurations = (
				A4ABC3E2223CA2BD004F5906 /* Debug */,
				A4ABC3E3223CA2BD004F5906 /* Release */,
			);
			defaultConfigurationIsVisible = 0;
			defaultConfigurationName = Release;
		};
		A4ABC3E4223CA2BD004F5906 /* Build configuration list for PBXNativeTarget "BoseAlbum" */ = {
			isa = XCConfigurationList;
			buildConfigurations = (
				A4ABC3E5223CA2BD004F5906 /* Debug */,
				A4ABC3E6223CA2BD004F5906 /* Release */,
			);
			defaultConfigurationIsVisible = 0;
			defaultConfigurationName = Release;
		};
/* End XCConfigurationList section */
	};
	rootObject = A4ABC3CA223CA2BB004F5906 /* Project object */;
}
